
Microsoft Visual Studio Solution File, Format Version 12.00
# Visual Studio Version 17
VisualStudioVersion = 17.12.35707.178 d17.12
MinimumVisualStudioVersion = 10.0.40219.1
Project("{FAE04EC0-301F-11D3-BF4B-00C04F79EFBC}") = "IT15_Trojan_B", "IT15_Trojan_B.csproj", "{FFA093BA-CC67-4C07-9E7E-A91377D79119}"
EndProject
Global
	GlobalSection(SolutionConfigurationPlatforms) = preSolution
		Debug|Any CPU = Debug|Any CPU
		Release|Any CPU = Release|Any CPU
	EndGlobalSection
	GlobalSection(ProjectConfigurationPlatforms) = postSolution
		{FFA093BA-CC67-4C07-9E7E-A91377D79119}.Debug|Any CPU.ActiveCfg = Debug|Any CPU
		{FFA093BA-CC67-4C07-9E7E-A91377D79119}.Debug|Any CPU.Build.0 = Debug|Any CPU
		{FFA093BA-CC67-4C07-9E7E-A91377D79119}.Release|Any CPU.ActiveCfg = Release|Any CPU
		{FFA093BA-CC67-4C07-9E7E-A91377D79119}.Release|Any CPU.Build.0 = Release|Any CPU
	EndGlobalSection
	GlobalSection(SolutionProperties) = preSolution
		HideSolutionNode = FALSE
	EndGlobalSection
EndGlobal
